
Microsoft Visual Studio Solution File, Format Version 12.00
# Visual Studio Version 16
VisualStudioVersion = 16.0.31729.503
MinimumVisualStudioVersion = 10.0.40219.1
Project("{8BC9CEB8-8B4A-11D0-8D11-00A0C91BC942}") = "PracticalTask2", "PracticalTask2\PracticalTask2.vcxproj", "{19913A06-A404-465F-8AB6-4D36057E717E}"
EndProject
Project("{8BC9CEB8-8B4A-11D0-8D11-00A0C91BC942}") = "PracticalTask3", "PracticalTask3\PracticalTask3.vcxproj", "{7A3FF589-9E79-4DE7-AD7A-3B11EFBEDCFC}"
EndProject
Project("{8BC9CEB8-8B4A-11D0-8D11-00A0C91BC942}") = "PracticalTask4", "PracticalTask4\PracticalTask4.vcxproj", "{7DF60DB8-3CE6-4B01-81D3-52F1474F4194}"
EndProject
Project("{8BC9CEB8-8B4A-11D0-8D11-00A0C91BC942}") = "PracticalTask5", "PracticalTask5\PracticalTask5.vcxproj", "{AB40E494-5865-4077-868B-38B0407C85FF}"
EndProject
Project("{8BC9CEB8-8B4A-11D0-8D11-00A0C91BC942}") = "PracticalTask1", "PracticalTask1\PracticalTask1.vcxproj", "{D74209B4-9A01-4374-AD5D-719B55D1247B}"
EndProject
Project("{8BC9CEB8-8B4A-11D0-8D11-00A0C91BC942}") = "PracticalTask6", "PracticalTask6\PracticalTask6.vcxproj", "{D2CDF83F-1E49-4976-83D2-E5A22CC04DCD}"
EndProject
Project("{8BC9CEB8-8B4A-11D0-8D11-00A0C91BC942}") = "PracticalTask7", "PracticalTask7\PracticalTask7.vcxproj", "{41644C85-44C8-449B-80D6-584B42EB2852}"
EndProject
Project("{8BC9CEB8-8B4A-11D0-8D11-00A0C91BC942}") = "PracticalTask8", "PracticalTask8\PracticalTask8.vcxproj", "{CA0A29ED-D160-444B-8AD8-71DA62B0E090}"
EndProject
Project("{8BC9CEB8-8B4A-11D0-8D11-00A0C91BC942}") = "PracticalTask8Time", "PracticalTask8Time\PracticalTask8Time.vcxproj", "{CA71EAA6-355A-4AE5-880D-90A3A2268697}"
EndProject
Project("{8BC9CEB8-8B4A-11D0-8D11-00A0C91BC942}") = "AddressBook", "AddressBook\AddressBook.vcxproj", "{E630360B-E408-4E6F-BB26-3C6D00301EFB}"
EndProject
Project("{8BC9CEB8-8B4A-11D0-8D11-00A0C91BC942}") = "PracticalTask9", "PracticalTask9\PracticalTask9.vcxproj", "{CF5FBF3C-5547-486B-9457-AD63EB482916}"
EndProject
Project("{8BC9CEB8-8B4A-11D0-8D11-00A0C91BC942}") = "PracticalTask9Triangle", "PracticalTask9Triangle\PracticalTask9Triangle.vcxproj", "{B799D8B1-2796-4679-8F7E-2DD4326FB041}"
EndProject
Project("{8BC9CEB8-8B4A-11D0-8D11-00A0C91BC942}") = "PracticalTask10Triangle", "PracticalTask10Triangle\PracticalTask10Triangle.vcxproj", "{998D9A22-B6B7-4B94-96A1-3586DA2D6B10}"
EndProject
Project("{8BC9CEB8-8B4A-11D0-8D11-00A0C91BC942}") = "PracticalTask11", "PracticalTask11\PracticalTask11.vcxproj", "{63F91072-5558-4A35-999B-6B9E7DE9E281}"
EndProject
Project("{8BC9CEB8-8B4A-11D0-8D11-00A0C91BC942}") = "PracticalTask11GradeMap", "PracticalTask11GradeMap\PracticalTask11GradeMap.vcxproj", "{10A96D57-C29A-46E1-B09E-A05982AC8864}"
EndProject
Project("{8BC9CEB8-8B4A-11D0-8D11-00A0C91BC942}") = "PracticalTask11Point", "PracticalTask11Point\PracticalTask11Point.vcxproj", "{32040413-9DEA-422C-8867-338CAA6066D0}"
EndProject
Project("{8BC9CEB8-8B4A-11D0-8D11-00A0C91BC942}") = "SchoolCpp", "SchoolCpp\SchoolCpp.vcxproj", "{A9D7A4BC-692F-462B-8B39-7C982FC5A32E}"
EndProject
Project("{8BC9CEB8-8B4A-11D0-8D11-00A0C91BC942}") = "PracticalTask13", "PracticalTask13\PracticalTask13.vcxproj", "{18004C90-1D06-4F40-8E1C-5567BEB8D208}"
EndProject
Project("{8BC9CEB8-8B4A-11D0-8D11-00A0C91BC942}") = "PracticalTask14", "PracticalTask14\PracticalTask14.vcxproj", "{652C229A-1D39-4779-BBB7-03A66FC09661}"
EndProject
Project("{8BC9CEB8-8B4A-11D0-8D11-00A0C91BC942}") = "PracticalTask15", "PracticalTask15\PracticalTask15.vcxproj", "{56A5F2BB-6D19-411A-9573-266329670616}"
EndProject
Project("{8BC9CEB8-8B4A-11D0-8D11-00A0C91BC942}") = "TestTasks", "TestTasks\TestTasks.vcxproj", "{1E2D2F11-31BA-4838-B737-69AB9D643CED}"
EndProject
Global
	GlobalSection(SolutionConfigurationPlatforms) = preSolution
		Debug|x64 = Debug|x64
		Debug|x86 = Debug|x86
		Release|x64 = Release|x64
		Release|x86 = Release|x86
	EndGlobalSection
	GlobalSection(ProjectConfigurationPlatforms) = postSolution
		{19913A06-A404-465F-8AB6-4D36057E717E}.Debug|x64.ActiveCfg = Debug|x64
		{19913A06-A404-465F-8AB6-4D36057E717E}.Debug|x64.Build.0 = Debug|x64
		{19913A06-A404-465F-8AB6-4D36057E717E}.Debug|x86.ActiveCfg = Debug|Win32
		{19913A06-A404-465F-8AB6-4D36057E717E}.Debug|x86.Build.0 = Debug|Win32
		{19913A06-A404-465F-8AB6-4D36057E717E}.Release|x64.ActiveCfg = Release|x64
		{19913A06-A404-465F-8AB6-4D36057E717E}.Release|x64.Build.0 = Release|x64
		{19913A06-A404-465F-8AB6-4D36057E717E}.Release|x86.ActiveCfg = Release|Win32
		{19913A06-A404-465F-8AB6-4D36057E717E}.Release|x86.Build.0 = Release|Win32
		{7A3FF589-9E79-4DE7-AD7A-3B11EFBEDCFC}.Debug|x64.ActiveCfg = Debug|x64
		{7A3FF589-9E79-4DE7-AD7A-3B11EFBEDCFC}.Debug|x64.Build.0 = Debug|x64
		{7A3FF589-9E79-4DE7-AD7A-3B11EFBEDCFC}.Debug|x86.ActiveCfg = Debug|Win32
		{7A3FF589-9E79-4DE7-AD7A-3B11EFBEDCFC}.Debug|x86.Build.0 = Debug|Win32
		{7A3FF589-9E79-4DE7-AD7A-3B11EFBEDCFC}.Release|x64.ActiveCfg = Release|x64
		{7A3FF589-9E79-4DE7-AD7A-3B11EFBEDCFC}.Release|x64.Build.0 = Release|x64
		{7A3FF589-9E79-4DE7-AD7A-3B11EFBEDCFC}.Release|x86.ActiveCfg = Release|Win32
		{7A3FF589-9E79-4DE7-AD7A-3B11EFBEDCFC}.Release|x86.Build.0 = Release|Win32
		{7DF60DB8-3CE6-4B01-81D3-52F1474F4194}.Debug|x64.ActiveCfg = Debug|x64
		{7DF60DB8-3CE6-4B01-81D3-52F1474F4194}.Debug|x64.Build.0 = Debug|x64
		{7DF60DB8-3CE6-4B01-81D3-52F1474F4194}.Debug|x86.ActiveCfg = Debug|Win32
		{7DF60DB8-3CE6-4B01-81D3-52F1474F4194}.Debug|x86.Build.0 = Debug|Win32
		{7DF60DB8-3CE6-4B01-81D3-52F1474F4194}.Release|x64.ActiveCfg = Release|x64
		{7DF60DB8-3CE6-4B01-81D3-52F1474F4194}.Release|x64.Build.0 = Release|x64
		{7DF60DB8-3CE6-4B01-81D3-52F1474F4194}.Release|x86.ActiveCfg = Release|Win32
		{7DF60DB8-3CE6-4B01-81D3-52F1474F4194}.Release|x86.Build.0 = Release|Win32
		{AB40E494-5865-4077-868B-38B0407C85FF}.Debug|x64.ActiveCfg = Debug|x64
		{AB40E494-5865-4077-868B-38B0407C85FF}.Debug|x64.Build.0 = Debug|x64
		{AB40E494-5865-4077-868B-38B0407C85FF}.Debug|x86.ActiveCfg = Debug|Win32
		{AB40E494-5865-4077-868B-38B0407C85FF}.Debug|x86.Build.0 = Debug|Win32
		{AB40E494-5865-4077-868B-38B0407C85FF}.Release|x64.ActiveCfg = Release|x64
		{AB40E494-5865-4077-868B-38B0407C85FF}.Release|x64.Build.0 = Release|x64
		{AB40E494-5865-4077-868B-38B0407C85FF}.Release|x86.ActiveCfg = Release|Win32
		{AB40E494-5865-4077-868B-38B0407C85FF}.Release|x86.Build.0 = Release|Win32
		{D74209B4-9A01-4374-AD5D-719B55D1247B}.Debug|x64.ActiveCfg = Debug|x64
		{D74209B4-9A01-4374-AD5D-719B55D1247B}.Debug|x64.Build.0 = Debug|x64
		{D74209B4-9A01-4374-AD5D-719B55D1247B}.Debug|x86.ActiveCfg = Debug|Win32
		{D74209B4-9A01-4374-AD5D-719B55D1247B}.Debug|x86.Build.0 = Debug|Win32
		{D74209B4-9A01-4374-AD5D-719B55D1247B}.Release|x64.ActiveCfg = Release|x64
		{D74209B4-9A01-4374-AD5D-719B55D1247B}.Release|x64.Build.0 = Release|x64
		{D74209B4-9A01-4374-AD5D-719B55D1247B}.Release|x86.ActiveCfg = Release|Win32
		{D74209B4-9A01-4374-AD5D-719B55D1247B}.Release|x86.Build.0 = Release|Win32
		{D2CDF83F-1E49-4976-83D2-E5A22CC04DCD}.Debug|x64.ActiveCfg = Debug|x64
		{D2CDF83F-1E49-4976-83D2-E5A22CC04DCD}.Debug|x64.Build.0 = Debug|x64
		{D2CDF83F-1E49-4976-83D2-E5A22CC04DCD}.Debug|x86.ActiveCfg = Debug|Win32
		{D2CDF83F-1E49-4976-83D2-E5A22CC04DCD}.Debug|x86.Build.0 = Debug|Win32
		{D2CDF83F-1E49-4976-83D2-E5A22CC04DCD}.Release|x64.ActiveCfg = Release|x64
		{D2CDF83F-1E49-4976-83D2-E5A22CC04DCD}.Release|x64.Build.0 = Release|x64
		{D2CDF83F-1E49-4976-83D2-E5A22CC04DCD}.Release|x86.ActiveCfg = Release|Win32
		{D2CDF83F-1E49-4976-83D2-E5A22CC04DCD}.Release|x86.Build.0 = Release|Win32
		{41644C85-44C8-449B-80D6-584B42EB2852}.Debug|x64.ActiveCfg = Debug|x64
		{41644C85-44C8-449B-80D6-584B42EB2852}.Debug|x64.Build.0 = Debug|x64
		{41644C85-44C8-449B-80D6-584B42EB2852}.Debug|x86.ActiveCfg = Debug|Win32
		{41644C85-44C8-449B-80D6-584B42EB2852}.Debug|x86.Build.0 = Debug|Win32
		{41644C85-44C8-449B-80D6-584B42EB2852}.Release|x64.ActiveCfg = Release|x64
		{41644C85-44C8-449B-80D6-584B42EB2852}.Release|x64.Build.0 = Release|x64
		{41644C85-44C8-449B-80D6-584B42EB2852}.Release|x86.ActiveCfg = Release|Win32
		{41644C85-44C8-449B-80D6-584B42EB2852}.Release|x86.Build.0 = Release|Win32
		{CA0A29ED-D160-444B-8AD8-71DA62B0E090}.Debug|x64.ActiveCfg = Debug|x64
		{CA0A29ED-D160-444B-8AD8-71DA62B0E090}.Debug|x64.Build.0 = Debug|x64
		{CA0A29ED-D160-444B-8AD8-71DA62B0E090}.Debug|x86.ActiveCfg = Debug|Win32
		{CA0A29ED-D160-444B-8AD8-71DA62B0E090}.Debug|x86.Build.0 = Debug|Win32
		{CA0A29ED-D160-444B-8AD8-71DA62B0E090}.Release|x64.ActiveCfg = Release|x64
		{CA0A29ED-D160-444B-8AD8-71DA62B0E090}.Release|x64.Build.0 = Release|x64
		{CA0A29ED-D160-444B-8AD8-71DA62B0E090}.Release|x86.ActiveCfg = Release|Win32
		{CA0A29ED-D160-444B-8AD8-71DA62B0E090}.Release|x86.Build.0 = Release|Win32
		{CA71EAA6-355A-4AE5-880D-90A3A2268697}.Debug|x64.ActiveCfg = Debug|x64
		{CA71EAA6-355A-4AE5-880D-90A3A2268697}.Debug|x64.Build.0 = Debug|x64
		{CA71EAA6-355A-4AE5-880D-90A3A2268697}.Debug|x86.ActiveCfg = Debug|Win32
		{CA71EAA6-355A-4AE5-880D-90A3A2268697}.Debug|x86.Build.0 = Debug|Win32
		{CA71EAA6-355A-4AE5-880D-90A3A2268697}.Release|x64.ActiveCfg = Release|x64
		{CA71EAA6-355A-4AE5-880D-90A3A2268697}.Release|x64.Build.0 = Release|x64
		{CA71EAA6-355A-4AE5-880D-90A3A2268697}.Release|x86.ActiveCfg = Release|Win32
		{CA71EAA6-355A-4AE5-880D-90A3A2268697}.Release|x86.Build.0 = Release|Win32
		{E630360B-E408-4E6F-BB26-3C6D00301EFB}.Debug|x64.ActiveCfg = Debug|x64
		{E630360B-E408-4E6F-BB26-3C6D00301EFB}.Debug|x64.Build.0 = Debug|x64
		{E630360B-E408-4E6F-BB26-3C6D00301EFB}.Debug|x86.ActiveCfg = Debug|Win32
		{E630360B-E408-4E6F-BB26-3C6D00301EFB}.Debug|x86.Build.0 = Debug|Win32
		{E630360B-E408-4E6F-BB26-3C6D00301EFB}.Release|x64.ActiveCfg = Release|x64
		{E630360B-E408-4E6F-BB26-3C6D00301EFB}.Release|x64.Build.0 = Release|x64
		{E630360B-E408-4E6F-BB26-3C6D00301EFB}.Release|x86.ActiveCfg = Release|Win32
		{E630360B-E408-4E6F-BB26-3C6D00301EFB}.Release|x86.Build.0 = Release|Win32
		{CF5FBF3C-5547-486B-9457-AD63EB482916}.Debug|x64.ActiveCfg = Debug|x64
		{CF5FBF3C-5547-486B-9457-AD63EB482916}.Debug|x64.Build.0 = Debug|x64
		{CF5FBF3C-5547-486B-9457-AD63EB482916}.Debug|x86.ActiveCfg = Debug|Win32
		{CF5FBF3C-5547-486B-9457-AD63EB482916}.Debug|x86.Build.0 = Debug|Win32
		{CF5FBF3C-5547-486B-9457-AD63EB482916}.Release|x64.ActiveCfg = Release|x64
		{CF5FBF3C-5547-486B-9457-AD63EB482916}.Release|x64.Build.0 = Release|x64
		{CF5FBF3C-5547-486B-9457-AD63EB482916}.Release|x86.ActiveCfg = Release|Win32
		{CF5FBF3C-5547-486B-9457-AD63EB482916}.Release|x86.Build.0 = Release|Win32
		{B799D8B1-2796-4679-8F7E-2DD4326FB041}.Debug|x64.ActiveCfg = Debug|x64
		{B799D8B1-2796-4679-8F7E-2DD4326FB041}.Debug|x64.Build.0 = Debug|x64
		{B799D8B1-2796-4679-8F7E-2DD4326FB041}.Debug|x86.ActiveCfg = Debug|Win32
		{B799D8B1-2796-4679-8F7E-2DD4326FB041}.Debug|x86.Build.0 = Debug|Win32
		{B799D8B1-2796-4679-8F7E-2DD4326FB041}.Release|x64.ActiveCfg = Release|x64
		{B799D8B1-2796-4679-8F7E-2DD4326FB041}.Release|x64.Build.0 = Release|x64
		{B799D8B1-2796-4679-8F7E-2DD4326FB041}.Release|x86.ActiveCfg = Release|Win32
		{B799D8B1-2796-4679-8F7E-2DD4326FB041}.Release|x86.Build.0 = Release|Win32
		{998D9A22-B6B7-4B94-96A1-3586DA2D6B10}.Debug|x64.ActiveCfg = Debug|x64
		{998D9A22-B6B7-4B94-96A1-3586DA2D6B10}.Debug|x64.Build.0 = Debug|x64
		{998D9A22-B6B7-4B94-96A1-3586DA2D6B10}.Debug|x86.ActiveCfg = Debug|Win32
		{998D9A22-B6B7-4B94-96A1-3586DA2D6B10}.Debug|x86.Build.0 = Debug|Win32
		{998D9A22-B6B7-4B94-96A1-3586DA2D6B10}.Release|x64.ActiveCfg = Release|x64
		{998D9A22-B6B7-4B94-96A1-3586DA2D6B10}.Release|x64.Build.0 = Release|x64
		{998D9A22-B6B7-4B94-96A1-3586DA2D6B10}.Release|x86.ActiveCfg = Release|Win32
		{998D9A22-B6B7-4B94-96A1-3586DA2D6B10}.Release|x86.Build.0 = Release|Win32
		{63F91072-5558-4A35-999B-6B9E7DE9E281}.Debug|x64.ActiveCfg = Debug|x64
		{63F91072-5558-4A35-999B-6B9E7DE9E281}.Debug|x64.Build.0 = Debug|x64
		{63F91072-5558-4A35-999B-6B9E7DE9E281}.Debug|x86.ActiveCfg = Debug|Win32
		{63F91072-5558-4A35-999B-6B9E7DE9E281}.Debug|x86.Build.0 = Debug|Win32
		{63F91072-5558-4A35-999B-6B9E7DE9E281}.Release|x64.ActiveCfg = Release|x64
		{63F91072-5558-4A35-999B-6B9E7DE9E281}.Release|x64.Build.0 = Release|x64
		{63F91072-5558-4A35-999B-6B9E7DE9E281}.Release|x86.ActiveCfg = Release|Win32
		{63F91072-5558-4A35-999B-6B9E7DE9E281}.Release|x86.Build.0 = Release|Win32
		{10A96D57-C29A-46E1-B09E-A05982AC8864}.Debug|x64.ActiveCfg = Debug|x64
		{10A96D57-C29A-46E1-B09E-A05982AC8864}.Debug|x64.Build.0 = Debug|x64
		{10A96D57-C29A-46E1-B09E-A05982AC8864}.Debug|x86.ActiveCfg = Debug|Win32
		{10A96D57-C29A-46E1-B09E-A05982AC8864}.Debug|x86.Build.0 = Debug|Win32
		{10A96D57-C29A-46E1-B09E-A05982AC8864}.Release|x64.ActiveCfg = Release|x64
		{10A96D57-C29A-46E1-B09E-A05982AC8864}.Release|x64.Build.0 = Release|x64
		{10A96D57-C29A-46E1-B09E-A05982AC8864}.Release|x86.ActiveCfg = Release|Win32
		{10A96D57-C29A-46E1-B09E-A05982AC8864}.Release|x86.Build.0 = Release|Win32
		{32040413-9DEA-422C-8867-338CAA6066D0}.Debug|x64.ActiveCfg = Debug|x64
		{32040413-9DEA-422C-8867-338CAA6066D0}.Debug|x64.Build.0 = Debug|x64
		{32040413-9DEA-422C-8867-338CAA6066D0}.Debug|x86.ActiveCfg = Debug|Win32
		{32040413-9DEA-422C-8867-338CAA6066D0}.Debug|x86.Build.0 = Debug|Win32
		{32040413-9DEA-422C-8867-338CAA6066D0}.Release|x64.ActiveCfg = Release|x64
		{32040413-9DEA-422C-8867-338CAA6066D0}.Release|x64.Build.0 = Release|x64
		{32040413-9DEA-422C-8867-338CAA6066D0}.Release|x86.ActiveCfg = Release|Win32
		{32040413-9DEA-422C-8867-338CAA6066D0}.Release|x86.Build.0 = Release|Win32
		{A9D7A4BC-692F-462B-8B39-7C982FC5A32E}.Debug|x64.ActiveCfg = Debug|x64
		{A9D7A4BC-692F-462B-8B39-7C982FC5A32E}.Debug|x64.Build.0 = Debug|x64
		{A9D7A4BC-692F-462B-8B39-7C982FC5A32E}.Debug|x86.ActiveCfg = Debug|Win32
		{A9D7A4BC-692F-462B-8B39-7C982FC5A32E}.Debug|x86.Build.0 = Debug|Win32
		{A9D7A4BC-692F-462B-8B39-7C982FC5A32E}.Release|x64.ActiveCfg = Release|x64
		{A9D7A4BC-692F-462B-8B39-7C982FC5A32E}.Release|x64.Build.0 = Release|x64
		{A9D7A4BC-692F-462B-8B39-7C982FC5A32E}.Release|x86.ActiveCfg = Release|Win32
		{A9D7A4BC-692F-462B-8B39-7C982FC5A32E}.Release|x86.Build.0 = Release|Win32
		{18004C90-1D06-4F40-8E1C-5567BEB8D208}.Debug|x64.ActiveCfg = Debug|x64
		{18004C90-1D06-4F40-8E1C-5567BEB8D208}.Debug|x64.Build.0 = Debug|x64
		{18004C90-1D06-4F40-8E1C-5567BEB8D208}.Debug|x86.ActiveCfg = Debug|Win32
		{18004C90-1D06-4F40-8E1C-5567BEB8D208}.Debug|x86.Build.0 = Debug|Win32
		{18004C90-1D06-4F40-8E1C-5567BEB8D208}.Release|x64.ActiveCfg = Release|x64
		{18004C90-1D06-4F40-8E1C-5567BEB8D208}.Release|x64.Build.0 = Release|x64
		{18004C90-1D06-4F40-8E1C-5567BEB8D208}.Release|x86.ActiveCfg = Release|Win32
		{18004C90-1D06-4F40-8E1C-5567BEB8D208}.Release|x86.Build.0 = Release|Win32
		{652C229A-1D39-4779-BBB7-03A66FC09661}.Debug|x64.ActiveCfg = Debug|x64
		{652C229A-1D39-4779-BBB7-03A66FC09661}.Debug|x64.Build.0 = Debug|x64
		{652C229A-1D39-4779-BBB7-03A66FC09661}.Debug|x86.ActiveCfg = Debug|Win32
		{652C229A-1D39-4779-BBB7-03A66FC09661}.Debug|x86.Build.0 = Debug|Win32
		{652C229A-1D39-4779-BBB7-03A66FC09661}.Release|x64.ActiveCfg = Release|x64
		{652C229A-1D39-4779-BBB7-03A66FC09661}.Release|x64.Build.0 = Release|x64
		{652C229A-1D39-4779-BBB7-03A66FC09661}.Release|x86.ActiveCfg = Release|Win32
		{652C229A-1D39-4779-BBB7-03A66FC09661}.Release|x86.Build.0 = Release|Win32
		{56A5F2BB-6D19-411A-9573-266329670616}.Debug|x64.ActiveCfg = Debug|x64
		{56A5F2BB-6D19-411A-9573-266329670616}.Debug|x64.Build.0 = Debug|x64
		{56A5F2BB-6D19-411A-9573-266329670616}.Debug|x86.ActiveCfg = Debug|Win32
		{56A5F2BB-6D19-411A-9573-266329670616}.Debug|x86.Build.0 = Debug|Win32
		{56A5F2BB-6D19-411A-9573-266329670616}.Release|x64.ActiveCfg = Release|x64
		{56A5F2BB-6D19-411A-9573-266329670616}.Release|x64.Build.0 = Release|x64
		{56A5F2BB-6D19-411A-9573-266329670616}.Release|x86.ActiveCfg = Release|Win32
		{56A5F2BB-6D19-411A-9573-266329670616}.Release|x86.Build.0 = Release|Win32
		{1E2D2F11-31BA-4838-B737-69AB9D643CED}.Debug|x64.ActiveCfg = Debug|x64
		{1E2D2F11-31BA-4838-B737-69AB9D643CED}.Debug|x64.Build.0 = Debug|x64
		{1E2D2F11-31BA-4838-B737-69AB9D643CED}.Debug|x86.ActiveCfg = Debug|Win32
		{1E2D2F11-31BA-4838-B737-69AB9D643CED}.Debug|x86.Build.0 = Debug|Win32
		{1E2D2F11-31BA-4838-B737-69AB9D643CED}.Release|x64.ActiveCfg = Release|x64
		{1E2D2F11-31BA-4838-B737-69AB9D643CED}.Release|x64.Build.0 = Release|x64
		{1E2D2F11-31BA-4838-B737-69AB9D643CED}.Release|x86.ActiveCfg = Release|Win32
		{1E2D2F11-31BA-4838-B737-69AB9D643CED}.Release|x86.Build.0 = Release|Win32
	EndGlobalSection
	GlobalSection(SolutionProperties) = preSolution
		HideSolutionNode = FALSE
	EndGlobalSection
	GlobalSection(ExtensibilityGlobals) = postSolution
		SolutionGuid = {54BB4493-DF7E-445C-8E8A-BE057FD3C483}
	EndGlobalSection
EndGlobal
